
Microsoft Visual Studio Solution File, Format Version 12.00
# Visual Studio Version 16
VisualStudioVersion = 16.0.30320.27
MinimumVisualStudioVersion = 10.0.40219.1
Project("{FAE04EC0-301F-11D3-BF4B-00C04F79EFBC}") = "DocStorage", "DocStorage\DocStorage.csproj", "{5B0BFD91-CC8A-46C9-ADA3-B8CBDD89F5CA}"
EndProject
Global
	GlobalSection(SolutionConfigurationPlatforms) = preSolution
		Debug|Any CPU = Debug|Any CPU
		Release|Any CPU = Release|Any CPU
	EndGlobalSection
	GlobalSection(ProjectConfigurationPlatforms) = postSolution
		{5B0BFD91-CC8A-46C9-ADA3-B8CBDD89F5CA}.Debug|Any CPU.ActiveCfg = Debug|Any CPU
		{5B0BFD91-CC8A-46C9-ADA3-B8CBDD89F5CA}.Debug|Any CPU.Build.0 = Debug|Any CPU
		{5B0BFD91-CC8A-46C9-ADA3-B8CBDD89F5CA}.Release|Any CPU.ActiveCfg = Release|Any CPU
		{5B0BFD91-CC8A-46C9-ADA3-B8CBDD89F5CA}.Release|Any CPU.Build.0 = Release|Any CPU
	EndGlobalSection
	GlobalSection(SolutionProperties) = preSolution
		HideSolutionNode = FALSE
	EndGlobalSection
	GlobalSection(ExtensibilityGlobals) = postSolution
		SolutionGuid = {E88A4AC8-1B0B-412A-B158-3A2A32086F57}
	EndGlobalSection
EndGlobal
